// !$*UTF8*$!
{
	archiveVersion = 1;
	classes = {
	};
	objectVersion = 50;
	objects = {

/* Begin PBXBuildFile section */
		2668CF4A238BACF5002EE2EC /* AppDelegate.swift in Sources */ = {isa = PBXBuildFile; fileRef = 2668CF49238BACF5002EE2EC /* AppDelegate.swift */; };
		2668CF4C238BACF5002EE2EC /* SceneDelegate.swift in Sources */ = {isa = PBXBuildFile; fileRef = 2668CF4B238BACF5002EE2EC /* SceneDelegate.swift */; };
		2668CF4E238BACF5002EE2EC /* ViewController.swift in Sources */ = {isa = PBXBuildFile; fileRef = 2668CF4D238BACF5002EE2EC /* ViewController.swift */; };
		2668CF51238BACF5002EE2EC /* Main.storyboard in Resources */ = {isa = PBXBuildFile; fileRef = 2668CF4F238BACF5002EE2EC /* Main.storyboard */; };
		2668CF54238BACF5002EE2EC /* Coding_Test.xcdatamodeld in Sources */ = {isa = PBXBuildFile; fileRef = 2668CF52238BACF5002EE2EC /* Coding_Test.xcdatamodeld */; };
		2668CF56238BACFB002EE2EC /* Assets.xcassets in Resources */ = {isa = PBXBuildFile; fileRef = 2668CF55238BACFB002EE2EC /* Assets.xcassets */; };
		2668CF59238BACFB002EE2EC /* LaunchScreen.storyboard in Resources */ = {isa = PBXBuildFile; fileRef = 2668CF57238BACFB002EE2EC /* LaunchScreen.storyboard */; };
/* End PBXBuildFile section */

/* Begin PBXFileReference section */
		2668CF46238BACF5002EE2EC /* Coding Test.app */ = {isa = PBXFileReference; explicitFileType = wrapper.application; includeInIndex = 0; path = "Coding Test.app"; sourceTree = BUILT_PRODUCTS_DIR; };
		2668CF49238BACF5002EE2EC /* AppDelegate.swift */ = {isa = PBXFileReference; lastKnownFileType = sourcecode.swift; path = AppDelegate.swift; sourceTree = "<group>"; };
		2668CF4B238BACF5002EE2EC /* SceneDelegate.swift */ = {isa = PBXFileReference; lastKnownFileType = sourcecode.swift; path = SceneDelegate.swift; sourceTree = "<group>"; };
		2668CF4D238BACF5002EE2EC /* ViewController.swift */ = {isa = PBXFileReference; lastKnownFileType = sourcecode.swift; path = ViewController.swift; sourceTree = "<group>"; };
		2668CF50238BACF5002EE2EC /* Base */ = {isa = PBXFileReference; lastKnownFileType = file.storyboard; name = Base; path = Base.lproj/Main.storyboard; sourceTree = "<group>"; };
		2668CF53238BACF5002EE2EC /* Coding_Test.xcdatamodel */ = {isa = PBXFileReference; lastKnownFileType = wrapper.xcdatamodel; path = Coding_Test.xcdatamodel; sourceTree = "<group>"; };
		2668CF55238BACFB002EE2EC /* Assets.xcassets */ = {isa = PBXFileReference; lastKnownFileType = folder.assetcatalog; path = Assets.xcassets; sourceTree = "<group>"; };
		2668CF58238BACFB002EE2EC /* Base */ = {isa = PBXFileReference; lastKnownFileType = file.storyboard; name = Base; path = Base.lproj/LaunchScreen.storyboard; sourceTree = "<group>"; };
		2668CF5A238BACFB002EE2EC /* Info.plist */ = {isa = PBXFileReference; lastKnownFileType = text.plist.xml; path = Info.plist; sourceTree = "<group>"; };
/* End PBXFileReference section */

/* Begin PBXFrameworksBuildPhase section */
		2668CF43238BACF5002EE2EC /* Frameworks */ = {
			isa = PBXFrameworksBuildPhase;
			buildActionMask = 2147483647;
			files = (
			);
			runOnlyForDeploymentPostprocessing = 0;
		};
/* End PBXFrameworksBuildPhase section */

/* Begin PBXGroup section */
		2668CF3D238BACF5002EE2EC = {
			isa = PBXGroup;
			children = (
				2668CF48238BACF5002EE2EC /* Coding Test */,
				2668CF47238BACF5002EE2EC /* Products */,
			);
			sourceTree = "<group>";
		};
		2668CF47238BACF5002EE2EC /* Products */ = {
			isa = PBXGroup;
			children = (
				2668CF46238BACF5002EE2EC /* Coding Test.app */,
			);
			name = Products;
			sourceTree = "<group>";
		};
		2668CF48238BACF5002EE2EC /* Coding Test */ = {
			isa = PBXGroup;
			children = (
				2668CF49238BACF5002EE2EC /* AppDelegate.swift */,
				2668CF4B238BACF5002EE2EC /* SceneDelegate.swift */,
				2668CF4D238BACF5002EE2EC /* ViewController.swift */,
				2668CF4F238BACF5002EE2EC /* Main.storyboard */,
				2668CF55238BACFB002EE2EC /* Assets.xcassets */,
				2668CF57238BACFB002EE2EC /* LaunchScreen.storyboard */,
				2668CF5A238BACFB002EE2EC /* Info.plist */,
				2668CF52238BACF5002EE2EC /* Coding_Test.xcdatamodeld */,
			);
			path = "Coding Test";
			sourceTree = "<group>";
		};
/* End PBXGroup section */

/* Begin PBXNativeTarget section */
		2668CF45238BACF5002EE2EC /* Coding Test */ = {
			isa = PBXNativeTarget;
			buildConfigurationList = 2668CF5D238BACFB002EE2EC /* Build configuration list for PBXNativeTarget "Coding Test" */;
			buildPhases = (
				2668CF42238BACF5002EE2EC /* Sources */,
				2668CF43238BACF5002EE2EC /* Frameworks */,
				2668CF44238BACF5002EE2EC /* Resources */,
			);
			buildRules = (
			);
			dependencies = (
			);
			name = "Coding Test";
			productName = "Coding Test";
			productReference = 2668CF46238BACF5002EE2EC /* Coding Test.app */;
			productType = "com.apple.product-type.application";
		};
/* End PBXNativeTarget section */

/* Begin PBXProject section */
		2668CF3E238BACF5002EE2EC /* Project object */ = {
			isa = PBXProject;
			attributes = {
				LastSwiftUpdateCheck = 1120;
				LastUpgradeCheck = 1120;
				ORGANIZATIONNAME = "Compindia ";
				TargetAttributes = {
					2668CF45238BACF5002EE2EC = {
						CreatedOnToolsVersion = 11.2.1;
					};
				};
			};
			buildConfigurationList = 2668CF41238BACF5002EE2EC /* Build configuration list for PBXProject "Coding Test" */;
			compatibilityVersion = "Xcode 9.3";
			developmentRegion = en;
			hasScannedForEncodings = 0;
			knownRegions = (
				en,
				Base,
			);
			mainGroup = 2668CF3D238BACF5002EE2EC;
			productRefGroup = 2668CF47238BACF5002EE2EC /* Products */;
			projectDirPath = "";
			projectRoot = "";
			targets = (
				2668CF45238BACF5002EE2EC /* Coding Test */,
			);
		};
/* End PBXProject section */

/* Begin PBXResourcesBuildPhase section */
		2668CF44238BACF5002EE2EC /* Resources */ = {
			isa = PBXResourcesBuildPhase;
			buildActionMask = 2147483647;
			files = (
				2668CF59238BACFB002EE2EC /* LaunchScreen.storyboard in Resources */,
				2668CF56238BACFB002EE2EC /* Assets.xcassets in Resources */,
				2668CF51238BACF5002EE2EC /* Main.storyboard in Resources */,
			);
			runOnlyForDeploymentPostprocessing = 0;
		};
/* End PBXResourcesBuildPhase section */

/* Begin PBXSourcesBuildPhase section */
		2668CF42238BACF5002EE2EC /* Sources */ = {
			isa = PBXSourcesBuildPhase;
			buildActionMask = 2147483647;
			files = (
				2668CF4E238BACF5002EE2EC /* ViewController.swift in Sources */,
				2668CF4A238BACF5002EE2EC /* AppDelegate.swift in Sources */,
				2668CF4C238BACF5002EE2EC /* SceneDelegate.swift in Sources */,
				2668CF54238BACF5002EE2EC /* Coding_Test.xcdatamodeld in Sources */,
			);
			runOnlyForDeploymentPostprocessing = 0;
		};
/* End PBXSourcesBuildPhase section */

/* Begin PBXVariantGroup section */
		2668CF4F238BACF5002EE2EC /* Main.storyboard */ = {
			isa = PBXVariantGroup;
			children = (
				2668CF50238BACF5002EE2EC /* Base */,
			);
			name = Main.storyboard;
			sourceTree = "<group>";
		};
		2668CF57238BACFB002EE2EC /* LaunchScreen.storyboard */ = {
			isa = PBXVariantGroup;
			children = (
				2668CF58238BACFB002EE2EC /* Base */,
			);
			name = LaunchScreen.storyboard;
			sourceTree = "<group>";
		};
/* End PBXVariantGroup section */

/* Begin XCBuildConfiguration section */
		2668CF5B238BACFB002EE2EC /* Debug */ = {
			isa = XCBuildConfiguration;
			buildSettings = {
				ALWAYS_SEARCH_USER_PATHS = NO;
				CLANG_ANALYZER_NONNULL = YES;
				CLANG_ANALYZER_NUMBER_OBJECT_CONVERSION = YES_AGGRESSIVE;
				CLANG_CXX_LANGUAGE_STANDARD = "gnu++14";
				CLANG_CXX_LIBRARY = "libc++";
				CLANG_ENABLE_MODULES = YES;
				CLANG_ENABLE_OBJC_ARC = YES;
				CLANG_ENABLE_OBJC_WEAK = YES;
				CLANG_WARN_BLOCK_CAPTURE_AUTORELEASING = YES;
				CLANG_WARN_BOOL_CONVERSION = YES;
				CLANG_WARN_COMMA = YES;
				CLANG_WARN_CONSTANT_CONVERSION = YES;
				CLANG_WARN_DEPRECATED_OBJC_IMPLEMENTATIONS = YES;
				CLANG_WARN_DIRECT_OBJC_ISA_USAGE = YES_ERROR;
				CLANG_WARN_DOCUMENTATION_COMMENTS = YES;
				CLANG_WARN_EMPTY_BODY = YES;
				CLANG_WARN_ENUM_CONVERSION = YES;
				CLANG_WARN_INFINITE_RECURSION = YES;
				CLANG_WARN_INT_CONVERSION = YES;
				CLANG_WARN_NON_LITERAL_NULL_CONVERSION = YES;
				CLANG_WARN_OBJC_IMPLICIT_RETAIN_SELF = YES;
				CLANG_WARN_OBJC_LITERAL_CONVERSION = YES;
				CLANG_WARN_OBJC_ROOT_CLASS = YES_ERROR;
				CLANG_WARN_RANGE_LOOP_ANALYSIS = YES;
				CLANG_WARN_STRICT_PROTOTYPES = YES;
				CLANG_WARN_SUSPICIOUS_MOVE = YES;
				CLANG_WARN_UNGUARDED_AVAILABILITY = YES_AGGRESSIVE;
				CLANG_WARN_UNREACHABLE_CODE = YES;
				CLANG_WARN__DUPLICATE_METHOD_MATCH = YES;
				COPY_PHASE_STRIP = NO;
				DEBUG_INFORMATION_FORMAT = dwarf;
				ENABLE_STRICT_OBJC_MSGSEND = YES;
				ENABLE_TESTABILITY = YES;
				GCC_C_LANGUAGE_STANDARD = gnu11;
				GCC_DYNAMIC_NO_PIC = NO;
				GCC_NO_COMMON_BLOCKS = YES;
				GCC_OPTIMIZATION_LEVEL = 0;
				GCC_PREPROCESSOR_DEFINITIONS = (
					"DEBUG=1",
					"$(inherited)",
				);
				GCC_WARN_64_TO_32_BIT_CONVERSION = YES;
				GCC_WARN_ABOUT_RETURN_TYPE = YES_ERROR;
				GCC_WARN_UNDECLARED_SELECTOR = YES;
				GCC_WARN_UNINITIALIZED_AUTOS = YES_AGGRESSIVE;
				GCC_WARN_UNUSED_FUNCTION = YES;
				GCC_WARN_UNUSED_VARIABLE = YES;
				IPHONEOS_DEPLOYMENT_TARGET = 13.2;
				MTL_ENABLE_DEBUG_INFO = INCLUDE_SOURCE;
				MTL_FAST_MATH = YES;
				ONLY_ACTIVE_ARCH = YES;
				SDKROOT = iphoneos;
				SWIFT_ACTIVE_COMPILATION_CONDITIONS = DEBUG;
				SWIFT_OPTIMIZATION_LEVEL = "-Onone";
			};
			name = Debug;
		};
		2668CF5C238BACFB002EE2EC /* Release */ = {
			isa = XCBuildConfiguration;
			buildSettings = {
				ALWAYS_SEARCH_USER_PATHS = NO;
				CLANG_ANALYZER_NONNULL = YES;
				CLANG_ANALYZER_NUMBER_OBJECT_CONVERSION = YES_AGGRESSIVE;
				CLANG_CXX_LANGUAGE_STANDARD = "gnu++14";
				CLANG_CXX_LIBRARY = "libc++";
				CLANG_ENABLE_MODULES = YES;
				CLANG_ENABLE_OBJC_ARC = YES;
				CLANG_ENABLE_OBJC_WEAK = YES;
				CLANG_WARN_BLOCK_CAPTURE_AUTORELEASING = YES;
				CLANG_WARN_BOOL_CONVERSION = YES;
				CLANG_WARN_COMMA = YES;
				CLANG_WARN_CONSTANT_CONVERSION = YES;
				CLANG_WARN_DEPRECATED_OBJC_IMPLEMENTATIONS = YES;
				CLANG_WARN_DIRECT_OBJC_ISA_USAGE = YES_ERROR;
				CLANG_WARN_DOCUMENTATION_COMMENTS = YES;
				CLANG_WARN_EMPTY_BODY = YES;
				CLANG_WARN_ENUM_CONVERSION = YES;
				CLANG_WARN_INFINITE_RECURSION = YES;
				CLANG_WARN_INT_CONVERSION = YES;
				CLANG_WARN_NON_LITERAL_NULL_CONVERSION = YES;
				CLANG_WARN_OBJC_IMPLICIT_RETAIN_SELF = YES;
				CLANG_WARN_OBJC_LITERAL_CONVERSION = YES;
				CLANG_WARN_OBJC_ROOT_CLASS = YES_ERROR;
				CLANG_WARN_RANGE_LOOP_ANALYSIS = YES;
				CLANG_WARN_STRICT_PROTOTYPES = YES;
				CLANG_WARN_SUSPICIOUS_MOVE = YES;
				CLANG_WARN_UNGUARDED_AVAILABILITY = YES_AGGRESSIVE;
				CLANG_WARN_UNREACHABLE_CODE = YES;
				CLANG_WARN__DUPLICATE_METHOD_MATCH = YES;
				COPY_PHASE_STRIP = NO;
				DEBUG_INFORMATION_FORMAT = "dwarf-with-dsym";
				ENABLE_NS_ASSERTIONS = NO;
				ENABLE_STRICT_OBJC_MSGSEND = YES;
				GCC_C_LANGUAGE_STANDARD = gnu11;
				GCC_NO_COMMON_BLOCKS = YES;
				GCC_WARN_64_TO_32_BIT_CONVERSION = YES;
				GCC_WARN_ABOUT_RETURN_TYPE = YES_ERROR;
				GCC_WARN_UNDECLARED_SELECTOR = YES;
				GCC_WARN_UNINITIALIZED_AUTOS = YES_AGGRESSIVE;
				GCC_WARN_UNUSED_FUNCTION = YES;
				GCC_WARN_UNUSED_VARIABLE = YES;
				IPHONEOS_DEPLOYMENT_TARGET = 13.2;
				MTL_ENABLE_DEBUG_INFO = NO;
				MTL_FAST_MATH = YES;
				SDKROOT = iphoneos;
				SWIFT_COMPILATION_MODE = wholemodule;
				SWIFT_OPTIMIZATION_LEVEL = "-O";
				VALIDATE_PRODUCT = YES;
			};
			name = Release;
		};
		2668CF5E238BACFB002EE2EC /* Debug */ = {
			isa = XCBuildConfiguration;
			buildSettings = {
				ASSETCATALOG_COMPILER_APPICON_NAME = AppIcon;
				CODE_SIGN_STYLE = Automatic;
				INFOPLIST_FILE = "Coding Test/Info.plist";
				LD_RUNPATH_SEARCH_PATHS = (
					"$(inherited)",
					"@executable_path/Frameworks",
				);
				PRODUCT_BUNDLE_IDENTIFIER = "compindia.Coding-Test";
				PRODUCT_NAME = "$(TARGET_NAME)";
				SWIFT_VERSION = 5.0;
				TARGETED_DEVICE_FAMILY = "1,2";
			};
			name = Debug;
		};
		2668CF5F238BACFB002EE2EC /* Release */ = {
			isa = XCBuildConfiguration;
			buildSettings = {
				ASSETCATALOG_COMPILER_APPICON_NAME = AppIcon;
				CODE_SIGN_STYLE = Automatic;
				INFOPLIST_FILE = "Coding Test/Info.plist";
				LD_RUNPATH_SEARCH_PATHS = (
					"$(inherited)",
					"@executable_path/Frameworks",
				);
				PRODUCT_BUNDLE_IDENTIFIER = "compindia.Coding-Test";
				PRODUCT_NAME = "$(TARGET_NAME)";
				SWIFT_VERSION = 5.0;
				TARGETED_DEVICE_FAMILY = "1,2";
			};
			name = Release;
		};
/* End XCBuildConfiguration section */

/* Begin XCConfigurationList section */
		2668CF41238BACF5002EE2EC /* Build configuration list for PBXProject "Coding Test" */ = {
			isa = XCConfigurationList;
			buildConfigurations = (
				2668CF5B238BACFB002EE2EC /* Debug */,
				2668CF5C238BACFB002EE2EC /* Release */,
			);
			defaultConfigurationIsVisible = 0;
			defaultConfigurationName = Release;
		};
		2668CF5D238BACFB002EE2EC /* Build configuration list for PBXNativeTarget "Coding Test" */ = {
			isa = XCConfigurationList;
			buildConfigurations = (
				2668CF5E238BACFB002EE2EC /* Debug */,
				2668CF5F238BACFB002EE2EC /* Release */,
			);
			defaultConfigurationIsVisible = 0;
			defaultConfigurationName = Release;
		};
/* End XCConfigurationList section */

/* Begin XCVersionGroup section */
		2668CF52238BACF5002EE2EC /* Coding_Test.xcdatamodeld */ = {
			isa = XCVersionGroup;
			children = (
				2668CF53238BACF5002EE2EC /* Coding_Test.xcdatamodel */,
			);
			currentVersion = 2668CF53238BACF5002EE2EC /* Coding_Test.xcdatamodel */;
			path = Coding_Test.xcdatamodeld;
			sourceTree = "<group>";
			versionGroupType = wrapper.xcdatamodel;
		};
/* End XCVersionGroup section */
	};
	rootObject = 2668CF3E238BACF5002EE2EC /* Project object */;
}
